{
  "name": "@nathanaelscott/madlibs",
  "version": "1.0.0-pre",
  "lockfileVersion": 1,
  "requires": true,
  "dependencies": {
    "alternating-case-to-object": {
      "version": "1.0.1",
      "resolved": "https://registry.npmjs.org/alternating-case-to-object/-/alternating-case-to-object-1.0.1.tgz",
      "integrity": "sha512-ODY/638xsyrSGEywWdxlfIvLUB6x8NXhZMO6kt+iOF0MF7RGh5JyRiZuAPZEV+OwxNvc0AlXT7xXaM6EvHPviw=="
    }
  }
}
